
Microsoft Visual Studio Solution File, Format Version 12.00
# Visual Studio Version 17
VisualStudioVersion = 17.7.34024.191
MinimumVisualStudioVersion = 10.0.40219.1
Project("{8BC9CEB8-8B4A-11D0-8D11-00A0C91BC942}") = "Module_17", "Module_17\Module_17.vcxproj", "{CFAFE9C4-6E6D-4C17-976E-268E2677720B}"
EndProject
Global
	GlobalSection(SolutionConfigurationPlatforms) = preSolution
		Debug|x64 = Debug|x64
		Debug|x86 = Debug|x86
		Release|x64 = Release|x64
		Release|x86 = Release|x86
	EndGlobalSection
	GlobalSection(ProjectConfigurationPlatforms) = postSolution
		{CFAFE9C4-6E6D-4C17-976E-268E2677720B}.Debug|x64.ActiveCfg = Debug|x64
		{CFAFE9C4-6E6D-4C17-976E-268E2677720B}.Debug|x64.Build.0 = Debug|x64
		{CFAFE9C4-6E6D-4C17-976E-268E2677720B}.Debug|x86.ActiveCfg = Debug|Win32
		{CFAFE9C4-6E6D-4C17-976E-268E2677720B}.Debug|x86.Build.0 = Debug|Win32
		{CFAFE9C4-6E6D-4C17-976E-268E2677720B}.Release|x64.ActiveCfg = Release|x64
		{CFAFE9C4-6E6D-4C17-976E-268E2677720B}.Release|x64.Build.0 = Release|x64
		{CFAFE9C4-6E6D-4C17-976E-268E2677720B}.Release|x86.ActiveCfg = Release|Win32
		{CFAFE9C4-6E6D-4C17-976E-268E2677720B}.Release|x86.Build.0 = Release|Win32
	EndGlobalSection
	GlobalSection(SolutionProperties) = preSolution
		HideSolutionNode = FALSE
	EndGlobalSection
	GlobalSection(ExtensibilityGlobals) = postSolution
		SolutionGuid = {6F903B54-8FA3-413D-AE98-F83A182692FD}
	EndGlobalSection
EndGlobal
