
Microsoft Visual Studio Solution File, Format Version 12.00
# Visual Studio Version 17
VisualStudioVersion = 17.8.34330.188
MinimumVisualStudioVersion = 10.0.40219.1
Project("{8BC9CEB8-8B4A-11D0-8D11-00A0C91BC942}") = "task7", "task7\task7.vcxproj", "{A40E562B-ED81-4E88-A3F1-12B24C3DC7E6}"
EndProject
Project("{8BC9CEB8-8B4A-11D0-8D11-00A0C91BC942}") = "task7test", "task7test\task7test.vcxproj", "{C4ED0C8B-60DA-42D2-80AA-2861B5A3B01A}"
EndProject
Global
	GlobalSection(SolutionConfigurationPlatforms) = preSolution
		Debug|x64 = Debug|x64
		Debug|x86 = Debug|x86
		Release|x64 = Release|x64
		Release|x86 = Release|x86
	EndGlobalSection
	GlobalSection(ProjectConfigurationPlatforms) = postSolution
		{A40E562B-ED81-4E88-A3F1-12B24C3DC7E6}.Debug|x64.ActiveCfg = Debug|x64
		{A40E562B-ED81-4E88-A3F1-12B24C3DC7E6}.Debug|x64.Build.0 = Debug|x64
		{A40E562B-ED81-4E88-A3F1-12B24C3DC7E6}.Debug|x86.ActiveCfg = Debug|Win32
		{A40E562B-ED81-4E88-A3F1-12B24C3DC7E6}.Debug|x86.Build.0 = Debug|Win32
		{A40E562B-ED81-4E88-A3F1-12B24C3DC7E6}.Release|x64.ActiveCfg = Release|x64
		{A40E562B-ED81-4E88-A3F1-12B24C3DC7E6}.Release|x64.Build.0 = Release|x64
		{A40E562B-ED81-4E88-A3F1-12B24C3DC7E6}.Release|x86.ActiveCfg = Release|Win32
		{A40E562B-ED81-4E88-A3F1-12B24C3DC7E6}.Release|x86.Build.0 = Release|Win32
		{C4ED0C8B-60DA-42D2-80AA-2861B5A3B01A}.Debug|x64.ActiveCfg = Debug|x64
		{C4ED0C8B-60DA-42D2-80AA-2861B5A3B01A}.Debug|x64.Build.0 = Debug|x64
		{C4ED0C8B-60DA-42D2-80AA-2861B5A3B01A}.Debug|x86.ActiveCfg = Debug|Win32
		{C4ED0C8B-60DA-42D2-80AA-2861B5A3B01A}.Debug|x86.Build.0 = Debug|Win32
		{C4ED0C8B-60DA-42D2-80AA-2861B5A3B01A}.Release|x64.ActiveCfg = Release|x64
		{C4ED0C8B-60DA-42D2-80AA-2861B5A3B01A}.Release|x64.Build.0 = Release|x64
		{C4ED0C8B-60DA-42D2-80AA-2861B5A3B01A}.Release|x86.ActiveCfg = Release|Win32
		{C4ED0C8B-60DA-42D2-80AA-2861B5A3B01A}.Release|x86.Build.0 = Release|Win32
	EndGlobalSection
	GlobalSection(SolutionProperties) = preSolution
		HideSolutionNode = FALSE
	EndGlobalSection
	GlobalSection(ExtensibilityGlobals) = postSolution
		SolutionGuid = {70878C78-3430-407D-9289-D064C2D40374}
	EndGlobalSection
EndGlobal
